
Microsoft Visual Studio Solution File, Format Version 12.00
# Visual Studio Version 16
VisualStudioVersion = 16.0.31702.278
MinimumVisualStudioVersion = 10.0.40219.1
Project("{FAE04EC0-301F-11D3-BF4B-00C04F79EFBC}") = "Novikova_Julia_PRI-119_PKG_KP", "Novikova_Julia_PRI-119_PKG_KP\Novikova_Julia_PRI-119_PKG_KP.csproj", "{9EC4749A-657D-4FC7-A3CE-1EE80DCAB3E4}"
EndProject
Global
	GlobalSection(SolutionConfigurationPlatforms) = preSolution
		Debug|Any CPU = Debug|Any CPU
		Release|Any CPU = Release|Any CPU
	EndGlobalSection
	GlobalSection(ProjectConfigurationPlatforms) = postSolution
		{9EC4749A-657D-4FC7-A3CE-1EE80DCAB3E4}.Debug|Any CPU.ActiveCfg = Debug|Any CPU
		{9EC4749A-657D-4FC7-A3CE-1EE80DCAB3E4}.Debug|Any CPU.Build.0 = Debug|Any CPU
		{9EC4749A-657D-4FC7-A3CE-1EE80DCAB3E4}.Release|Any CPU.ActiveCfg = Release|Any CPU
		{9EC4749A-657D-4FC7-A3CE-1EE80DCAB3E4}.Release|Any CPU.Build.0 = Release|Any CPU
	EndGlobalSection
	GlobalSection(SolutionProperties) = preSolution
		HideSolutionNode = FALSE
	EndGlobalSection
	GlobalSection(ExtensibilityGlobals) = postSolution
		SolutionGuid = {910AE11F-7C94-40FB-8527-1C603437FBC8}
	EndGlobalSection
EndGlobal
